// !$*UTF8*$!
{
	archiveVersion = 1;
	classes = {
	};
	objectVersion = 77;
	objects = {

/* Begin PBXBuildFile section */
		8439055A2E42880E009EB5E6 /* WebKit.framework in Frameworks */ = {isa = PBXBuildFile; fileRef = 843905592E42880E009EB5E6 /* WebKit.framework */; };
		849423002E4606BB00830A74 /* ProgressHUD in Frameworks */ = {isa = PBXBuildFile; productRef = 849422FF2E4606BB00830A74 /* ProgressHUD */; };
		8494230B2E50B3F300830A74 /* Kingfisher in Frameworks */ = {isa = PBXBuildFile; productRef = 8494230A2E50B3F300830A74 /* Kingfisher */; };
		8494230E2E53328700830A74 /* SwiftKeychainWrapper in Frameworks */ = {isa = PBXBuildFile; productRef = 8494230D2E53328700830A74 /* SwiftKeychainWrapper */; };
/* End PBXBuildFile section */

/* Begin PBXContainerItemProxy section */
		849425372E65A7B500830A74 /* PBXContainerItemProxy */ = {
			isa = PBXContainerItemProxy;
			containerPortal = 848E271E2E04216B0027436B /* Project object */;
			proxyType = 1;
			remoteGlobalIDString = 848E27252E04216B0027436B;
			remoteInfo = ImageFeed;
		};
		8494254C2E65B36E00830A74 /* PBXContainerItemProxy */ = {
			isa = PBXContainerItemProxy;
			containerPortal = 848E271E2E04216B0027436B /* Project object */;
			proxyType = 1;
			remoteGlobalIDString = 848E27252E04216B0027436B;
			remoteInfo = ImageFeed;
		};
		8494264D2E67307000830A74 /* PBXContainerItemProxy */ = {
			isa = PBXContainerItemProxy;
			containerPortal = 848E271E2E04216B0027436B /* Project object */;
			proxyType = 1;
			remoteGlobalIDString = 848E27252E04216B0027436B;
			remoteInfo = ImageFeed;
		};
		849426B52E6731DC00830A74 /* PBXContainerItemProxy */ = {
			isa = PBXContainerItemProxy;
			containerPortal = 848E271E2E04216B0027436B /* Project object */;
			proxyType = 1;
			remoteGlobalIDString = 848E27252E04216B0027436B;
			remoteInfo = ImageFeed;
		};
/* End PBXContainerItemProxy section */

/* Begin PBXFileReference section */
		843905592E42880E009EB5E6 /* WebKit.framework */ = {isa = PBXFileReference; lastKnownFileType = wrapper.framework; name = WebKit.framework; path = System/Library/Frameworks/WebKit.framework; sourceTree = SDKROOT; };
		848E27262E04216B0027436B /* ImageFeed.app */ = {isa = PBXFileReference; explicitFileType = wrapper.application; includeInIndex = 0; path = ImageFeed.app; sourceTree = BUILT_PRODUCTS_DIR; };
		849425332E65A7B500830A74 /* WebViewTests.xctest */ = {isa = PBXFileReference; explicitFileType = wrapper.cfbundle; includeInIndex = 0; path = WebViewTests.xctest; sourceTree = BUILT_PRODUCTS_DIR; };
		849425462E65B36E00830A74 /* ImageFeedTests.xctest */ = {isa = PBXFileReference; explicitFileType = wrapper.cfbundle; includeInIndex = 0; path = ImageFeedTests.xctest; sourceTree = BUILT_PRODUCTS_DIR; };
		849426492E67307000830A74 /* ProfileViewControllerTests.xctest */ = {isa = PBXFileReference; explicitFileType = wrapper.cfbundle; includeInIndex = 0; path = ProfileViewControllerTests.xctest; sourceTree = BUILT_PRODUCTS_DIR; };
		849426B12E6731DC00830A74 /* ImagesListViewControllerTests.xctest */ = {isa = PBXFileReference; explicitFileType = wrapper.cfbundle; includeInIndex = 0; path = ImagesListViewControllerTests.xctest; sourceTree = BUILT_PRODUCTS_DIR; };
/* End PBXFileReference section */

/* Begin PBXFileSystemSynchronizedBuildFileExceptionSet section */
		849423612E53571D00830A74 /* Exceptions for "ImageFeed" folder in "ImageFeed" target */ = {
			isa = PBXFileSystemSynchronizedBuildFileExceptionSet;
			membershipExceptions = (
				Info.plist,
			);
			target = 848E27252E04216B0027436B /* ImageFeed */;
		};
/* End PBXFileSystemSynchronizedBuildFileExceptionSet section */

/* Begin PBXFileSystemSynchronizedRootGroup section */
		840CB14D2E21297800F07C6D /* ImageFeed */ = {
			isa = PBXFileSystemSynchronizedRootGroup;
			exceptions = (
				849423612E53571D00830A74 /* Exceptions for "ImageFeed" folder in "ImageFeed" target */,
			);
			path = ImageFeed;
			sourceTree = "<group>";
		};
		849425342E65A7B500830A74 /* WebViewTests */ = {
			isa = PBXFileSystemSynchronizedRootGroup;
			path = WebViewTests;
			sourceTree = "<group>";
		};
		849425472E65B36E00830A74 /* ImageFeedTests */ = {
			isa = PBXFileSystemSynchronizedRootGroup;
			path = ImageFeedTests;
			sourceTree = "<group>";
		};
		8494264A2E67307000830A74 /* ProfileViewControllerTests */ = {
			isa = PBXFileSystemSynchronizedRootGroup;
			path = ProfileViewControllerTests;
			sourceTree = "<group>";
		};
		849426B22E6731DC00830A74 /* ImagesListViewControllerTests */ = {
			isa = PBXFileSystemSynchronizedRootGroup;
			path = ImagesListViewControllerTests;
			sourceTree = "<group>";
		};
/* End PBXFileSystemSynchronizedRootGroup section */

/* Begin PBXFrameworksBuildPhase section */
		848E27232E04216B0027436B /* Frameworks */ = {
			isa = PBXFrameworksBuildPhase;
			buildActionMask = 2147483647;
			files = (
				8494230B2E50B3F300830A74 /* Kingfisher in Frameworks */,
				8439055A2E42880E009EB5E6 /* WebKit.framework in Frameworks */,
				8494230E2E53328700830A74 /* SwiftKeychainWrapper in Frameworks */,
				849423002E4606BB00830A74 /* ProgressHUD in Frameworks */,
			);
			runOnlyForDeploymentPostprocessing = 0;
		};
		849425302E65A7B500830A74 /* Frameworks */ = {
			isa = PBXFrameworksBuildPhase;
			buildActionMask = 2147483647;
			files = (
			);
			runOnlyForDeploymentPostprocessing = 0;
		};
		849425432E65B36E00830A74 /* Frameworks */ = {
			isa = PBXFrameworksBuildPhase;
			buildActionMask = 2147483647;
			files = (
			);
			runOnlyForDeploymentPostprocessing = 0;
		};
		849426462E67307000830A74 /* Frameworks */ = {
			isa = PBXFrameworksBuildPhase;
			buildActionMask = 2147483647;
			files = (
			);
			runOnlyForDeploymentPostprocessing = 0;
		};
		849426AE2E6731DC00830A74 /* Frameworks */ = {
			isa = PBXFrameworksBuildPhase;
			buildActionMask = 2147483647;
			files = (
			);
			runOnlyForDeploymentPostprocessing = 0;
		};
/* End PBXFrameworksBuildPhase section */

/* Begin PBXGroup section */
		843905582E42880D009EB5E6 /* Frameworks */ = {
			isa = PBXGroup;
			children = (
				843905592E42880E009EB5E6 /* WebKit.framework */,
			);
			name = Frameworks;
			sourceTree = "<group>";
		};
		848E271D2E04216B0027436B = {
			isa = PBXGroup;
			children = (
				840CB14D2E21297800F07C6D /* ImageFeed */,
				849425342E65A7B500830A74 /* WebViewTests */,
				849425472E65B36E00830A74 /* ImageFeedTests */,
				8494264A2E67307000830A74 /* ProfileViewControllerTests */,
				849426B22E6731DC00830A74 /* ImagesListViewControllerTests */,
				843905582E42880D009EB5E6 /* Frameworks */,
				848E27272E04216B0027436B /* Products */,
			);
			sourceTree = "<group>";
		};
		848E27272E04216B0027436B /* Products */ = {
			isa = PBXGroup;
			children = (
				848E27262E04216B0027436B /* ImageFeed.app */,
				849425332E65A7B500830A74 /* WebViewTests.xctest */,
				849425462E65B36E00830A74 /* ImageFeedTests.xctest */,
				849426492E67307000830A74 /* ProfileViewControllerTests.xctest */,
				849426B12E6731DC00830A74 /* ImagesListViewControllerTests.xctest */,
			);
			name = Products;
			sourceTree = "<group>";
		};
/* End PBXGroup section */

/* Begin PBXNativeTarget section */
		848E27252E04216B0027436B /* ImageFeed */ = {
			isa = PBXNativeTarget;
			buildConfigurationList = 848E274F2E04216D0027436B /* Build configuration list for PBXNativeTarget "ImageFeed" */;
			buildPhases = (
				848E27222E04216B0027436B /* Sources */,
				848E27232E04216B0027436B /* Frameworks */,
				848E27242E04216B0027436B /* Resources */,
			);
			buildRules = (
			);
			dependencies = (
			);
			fileSystemSynchronizedGroups = (
				840CB14D2E21297800F07C6D /* ImageFeed */,
			);
			name = ImageFeed;
			packageProductDependencies = (
				849422FF2E4606BB00830A74 /* ProgressHUD */,
				8494230A2E50B3F300830A74 /* Kingfisher */,
				8494230D2E53328700830A74 /* SwiftKeychainWrapper */,
			);
			productName = ImageFeed;
			productReference = 848E27262E04216B0027436B /* ImageFeed.app */;
			productType = "com.apple.product-type.application";
		};
		849425322E65A7B500830A74 /* WebViewTests */ = {
			isa = PBXNativeTarget;
			buildConfigurationList = 849425392E65A7B500830A74 /* Build configuration list for PBXNativeTarget "WebViewTests" */;
			buildPhases = (
				8494252F2E65A7B500830A74 /* Sources */,
				849425302E65A7B500830A74 /* Frameworks */,
				849425312E65A7B500830A74 /* Resources */,
			);
			buildRules = (
			);
			dependencies = (
				849425382E65A7B500830A74 /* PBXTargetDependency */,
			);
			fileSystemSynchronizedGroups = (
				849425342E65A7B500830A74 /* WebViewTests */,
			);
			name = WebViewTests;
			packageProductDependencies = (
			);
			productName = WebViewTests;
			productReference = 849425332E65A7B500830A74 /* WebViewTests.xctest */;
			productType = "com.apple.product-type.bundle.unit-test";
		};
		849425452E65B36E00830A74 /* ImageFeedTests */ = {
			isa = PBXNativeTarget;
			buildConfigurationList = 8494254E2E65B36E00830A74 /* Build configuration list for PBXNativeTarget "ImageFeedTests" */;
			buildPhases = (
				849425422E65B36E00830A74 /* Sources */,
				849425432E65B36E00830A74 /* Frameworks */,
				849425442E65B36E00830A74 /* Resources */,
			);
			buildRules = (
			);
			dependencies = (
				8494254D2E65B36E00830A74 /* PBXTargetDependency */,
			);
			fileSystemSynchronizedGroups = (
				849425472E65B36E00830A74 /* ImageFeedTests */,
			);
			name = ImageFeedTests;
			packageProductDependencies = (
			);
			productName = ImageFeedTests;
			productReference = 849425462E65B36E00830A74 /* ImageFeedTests.xctest */;
			productType = "com.apple.product-type.bundle.ui-testing";
		};
		849426482E67307000830A74 /* ProfileViewControllerTests */ = {
			isa = PBXNativeTarget;
			buildConfigurationList = 8494264F2E67307000830A74 /* Build configuration list for PBXNativeTarget "ProfileViewControllerTests" */;
			buildPhases = (
				849426452E67307000830A74 /* Sources */,
				849426462E67307000830A74 /* Frameworks */,
				849426472E67307000830A74 /* Resources */,
			);
			buildRules = (
			);
			dependencies = (
				8494264E2E67307000830A74 /* PBXTargetDependency */,
			);
			fileSystemSynchronizedGroups = (
				8494264A2E67307000830A74 /* ProfileViewControllerTests */,
			);
			name = ProfileViewControllerTests;
			packageProductDependencies = (
			);
			productName = ProfileViewControllerTests;
			productReference = 849426492E67307000830A74 /* ProfileViewControllerTests.xctest */;
			productType = "com.apple.product-type.bundle.unit-test";
		};
		849426B02E6731DC00830A74 /* ImagesListViewControllerTests */ = {
			isa = PBXNativeTarget;
			buildConfigurationList = 849426B72E6731DC00830A74 /* Build configuration list for PBXNativeTarget "ImagesListViewControllerTests" */;
			buildPhases = (
				849426AD2E6731DC00830A74 /* Sources */,
				849426AE2E6731DC00830A74 /* Frameworks */,
				849426AF2E6731DC00830A74 /* Resources */,
			);
			buildRules = (
			);
			dependencies = (
				849426B62E6731DC00830A74 /* PBXTargetDependency */,
			);
			fileSystemSynchronizedGroups = (
				849426B22E6731DC00830A74 /* ImagesListViewControllerTests */,
			);
			name = ImagesListViewControllerTests;
			packageProductDependencies = (
			);
			productName = ImagesListViewControllerTests;
			productReference = 849426B12E6731DC00830A74 /* ImagesListViewControllerTests.xctest */;
			productType = "com.apple.product-type.bundle.unit-test";
		};
/* End PBXNativeTarget section */

/* Begin PBXProject section */
		848E271E2E04216B0027436B /* Project object */ = {
			isa = PBXProject;
			attributes = {
				BuildIndependentTargetsInParallel = 1;
				LastSwiftUpdateCheck = 1620;
				LastUpgradeCheck = 1620;
				TargetAttributes = {
					848E27252E04216B0027436B = {
						CreatedOnToolsVersion = 16.2;
					};
					849425322E65A7B500830A74 = {
						CreatedOnToolsVersion = 16.2;
						TestTargetID = 848E27252E04216B0027436B;
					};
					849425452E65B36E00830A74 = {
						CreatedOnToolsVersion = 16.2;
						TestTargetID = 848E27252E04216B0027436B;
					};
					849426482E67307000830A74 = {
						CreatedOnToolsVersion = 16.2;
						TestTargetID = 848E27252E04216B0027436B;
					};
					849426B02E6731DC00830A74 = {
						CreatedOnToolsVersion = 16.2;
						TestTargetID = 848E27252E04216B0027436B;
					};
				};
			};
			buildConfigurationList = 848E27212E04216B0027436B /* Build configuration list for PBXProject "ImageFeed" */;
			developmentRegion = en;
			hasScannedForEncodings = 0;
			knownRegions = (
				en,
				Base,
			);
			mainGroup = 848E271D2E04216B0027436B;
			minimizedProjectReferenceProxies = 1;
			packageReferences = (
				849422FE2E4606BB00830A74 /* XCRemoteSwiftPackageReference "ProgressHUD" */,
				849423092E50B3F300830A74 /* XCRemoteSwiftPackageReference "Kingfisher" */,
				8494230C2E53328700830A74 /* XCRemoteSwiftPackageReference "SwiftKeychainWrapper" */,
			);
			preferredProjectObjectVersion = 77;
			productRefGroup = 848E27272E04216B0027436B /* Products */;
			projectDirPath = "";
			projectRoot = "";
			targets = (
				848E27252E04216B0027436B /* ImageFeed */,
				849425322E65A7B500830A74 /* WebViewTests */,
				849425452E65B36E00830A74 /* ImageFeedTests */,
				849426482E67307000830A74 /* ProfileViewControllerTests */,
				849426B02E6731DC00830A74 /* ImagesListViewControllerTests */,
			);
		};
/* End PBXProject section */

/* Begin PBXResourcesBuildPhase section */
		848E27242E04216B0027436B /* Resources */ = {
			isa = PBXResourcesBuildPhase;
			buildActionMask = 2147483647;
			files = (
			);
			runOnlyForDeploymentPostprocessing = 0;
		};
		849425312E65A7B500830A74 /* Resources */ = {
			isa = PBXResourcesBuildPhase;
			buildActionMask = 2147483647;
			files = (
			);
			runOnlyForDeploymentPostprocessing = 0;
		};
		849425442E65B36E00830A74 /* Resources */ = {
			isa = PBXResourcesBuildPhase;
			buildActionMask = 2147483647;
			files = (
			);
			runOnlyForDeploymentPostprocessing = 0;
		};
		849426472E67307000830A74 /* Resources */ = {
			isa = PBXResourcesBuildPhase;
			buildActionMask = 2147483647;
			files = (
			);
			runOnlyForDeploymentPostprocessing = 0;
		};
		849426AF2E6731DC00830A74 /* Resources */ = {
			isa = PBXResourcesBuildPhase;
			buildActionMask = 2147483647;
			files = (
			);
			runOnlyForDeploymentPostprocessing = 0;
		};
/* End PBXResourcesBuildPhase section */

/* Begin PBXSourcesBuildPhase section */
		848E27222E04216B0027436B /* Sources */ = {
			isa = PBXSourcesBuildPhase;
			buildActionMask = 2147483647;
			files = (
			);
			runOnlyForDeploymentPostprocessing = 0;
		};
		8494252F2E65A7B500830A74 /* Sources */ = {
			isa = PBXSourcesBuildPhase;
			buildActionMask = 2147483647;
			files = (
			);
			runOnlyForDeploymentPostprocessing = 0;
		};
		849425422E65B36E00830A74 /* Sources */ = {
			isa = PBXSourcesBuildPhase;
			buildActionMask = 2147483647;
			files = (
			);
			runOnlyForDeploymentPostprocessing = 0;
		};
		849426452E67307000830A74 /* Sources */ = {
			isa = PBXSourcesBuildPhase;
			buildActionMask = 2147483647;
			files = (
			);
			runOnlyForDeploymentPostprocessing = 0;
		};
		849426AD2E6731DC00830A74 /* Sources */ = {
			isa = PBXSourcesBuildPhase;
			buildActionMask = 2147483647;
			files = (
			);
			runOnlyForDeploymentPostprocessing = 0;
		};
/* End PBXSourcesBuildPhase section */

/* Begin PBXTargetDependency section */
		849425382E65A7B500830A74 /* PBXTargetDependency */ = {
			isa = PBXTargetDependency;
			target = 848E27252E04216B0027436B /* ImageFeed */;
			targetProxy = 849425372E65A7B500830A74 /* PBXContainerItemProxy */;
		};
		8494254D2E65B36E00830A74 /* PBXTargetDependency */ = {
			isa = PBXTargetDependency;
			target = 848E27252E04216B0027436B /* ImageFeed */;
			targetProxy = 8494254C2E65B36E00830A74 /* PBXContainerItemProxy */;
		};
		8494264E2E67307000830A74 /* PBXTargetDependency */ = {
			isa = PBXTargetDependency;
			target = 848E27252E04216B0027436B /* ImageFeed */;
			targetProxy = 8494264D2E67307000830A74 /* PBXContainerItemProxy */;
		};
		849426B62E6731DC00830A74 /* PBXTargetDependency */ = {
			isa = PBXTargetDependency;
			target = 848E27252E04216B0027436B /* ImageFeed */;
			targetProxy = 849426B52E6731DC00830A74 /* PBXContainerItemProxy */;
		};
/* End PBXTargetDependency section */

/* Begin XCBuildConfiguration section */
		848E27502E04216D0027436B /* Debug */ = {
			isa = XCBuildConfiguration;
			buildSettings = {
				ASSETCATALOG_COMPILER_APPICON_NAME = AppIcon;
				ASSETCATALOG_COMPILER_GLOBAL_ACCENT_COLOR_NAME = AccentColor;
				CODE_SIGN_STYLE = Automatic;
				CURRENT_PROJECT_VERSION = 1;
				DEVELOPMENT_TEAM = 7Y9Y8T6WQX;
				GENERATE_INFOPLIST_FILE = YES;
				INFOPLIST_FILE = ImageFeed/Info.plist;
				INFOPLIST_KEY_UIApplicationSupportsIndirectInputEvents = YES;
				INFOPLIST_KEY_UILaunchStoryboardName = LaunchScreen;
				INFOPLIST_KEY_UIMainStoryboardFile = Main;
				INFOPLIST_KEY_UISupportedInterfaceOrientations_iPad = "UIInterfaceOrientationPortrait UIInterfaceOrientationPortraitUpsideDown UIInterfaceOrientationLandscapeLeft UIInterfaceOrientationLandscapeRight";
				INFOPLIST_KEY_UISupportedInterfaceOrientations_iPhone = UIInterfaceOrientationPortrait;
				IPHONEOS_DEPLOYMENT_TARGET = 14.1;
				LD_RUNPATH_SEARCH_PATHS = (
					"$(inherited)",
					"@executable_path/Frameworks",
				);
				MARKETING_VERSION = 1.0;
				PRODUCT_BUNDLE_IDENTIFIER = "ru.Pavel-Hladkikh.ImageFeed";
				PRODUCT_NAME = "$(TARGET_NAME)";
				SUPPORTED_PLATFORMS = "iphoneos iphonesimulator";
				SUPPORTS_MACCATALYST = NO;
				SUPPORTS_XR_DESIGNED_FOR_IPHONE_IPAD = NO;
				SWIFT_EMIT_LOC_STRINGS = YES;
				SWIFT_VERSION = 5.0;
				TARGETED_DEVICE_FAMILY = 1;
			};
			name = Debug;
		};
		848E27512E04216D0027436B /* Release */ = {
			isa = XCBuildConfiguration;
			buildSettings = {
				ASSETCATALOG_COMPILER_APPICON_NAME = AppIcon;
				ASSETCATALOG_COMPILER_GLOBAL_ACCENT_COLOR_NAME = AccentColor;
				CODE_SIGN_STYLE = Automatic;
				CURRENT_PROJECT_VERSION = 1;
				DEVELOPMENT_TEAM = 7Y9Y8T6WQX;
				GENERATE_INFOPLIST_FILE = YES;
				INFOPLIST_FILE = ImageFeed/Info.plist;
				INFOPLIST_KEY_UIApplicationSupportsIndirectInputEvents = YES;
				INFOPLIST_KEY_UILaunchStoryboardName = LaunchScreen;
				INFOPLIST_KEY_UIMainStoryboardFile = Main;
				INFOPLIST_KEY_UISupportedInterfaceOrientations_iPad = "UIInterfaceOrientationPortrait UIInterfaceOrientationPortraitUpsideDown UIInterfaceOrientationLandscapeLeft UIInterfaceOrientationLandscapeRight";
				INFOPLIST_KEY_UISupportedInterfaceOrientations_iPhone = UIInterfaceOrientationPortrait;
				IPHONEOS_DEPLOYMENT_TARGET = 14.1;
				LD_RUNPATH_SEARCH_PATHS = (
					"$(inherited)",
					"@executable_path/Frameworks",
				);
				MARKETING_VERSION = 1.0;
				PRODUCT_BUNDLE_IDENTIFIER = "ru.Pavel-Hladkikh.ImageFeed";
				PRODUCT_NAME = "$(TARGET_NAME)";
				SUPPORTED_PLATFORMS = "iphoneos iphonesimulator";
				SUPPORTS_MACCATALYST = NO;
				SUPPORTS_XR_DESIGNED_FOR_IPHONE_IPAD = NO;
				SWIFT_EMIT_LOC_STRINGS = YES;
				SWIFT_VERSION = 5.0;
				TARGETED_DEVICE_FAMILY = 1;
			};
			name = Release;
		};
		848E27522E04216D0027436B /* Debug */ = {
			isa = XCBuildConfiguration;
			buildSettings = {
				ALWAYS_SEARCH_USER_PATHS = NO;
				ASSETCATALOG_COMPILER_GENERATE_SWIFT_ASSET_SYMBOL_EXTENSIONS = YES;
				CLANG_ANALYZER_NONNULL = YES;
				CLANG_ANALYZER_NUMBER_OBJECT_CONVERSION = YES_AGGRESSIVE;
				CLANG_CXX_LANGUAGE_STANDARD = "gnu++20";
				CLANG_ENABLE_MODULES = YES;
				CLANG_ENABLE_OBJC_ARC = YES;
				CLANG_ENABLE_OBJC_WEAK = YES;
				CLANG_WARN_BLOCK_CAPTURE_AUTORELEASING = YES;
				CLANG_WARN_BOOL_CONVERSION = YES;
				CLANG_WARN_COMMA = YES;
				CLANG_WARN_CONSTANT_CONVERSION = YES;
				CLANG_WARN_DEPRECATED_OBJC_IMPLEMENTATIONS = YES;
				CLANG_WARN_DIRECT_OBJC_ISA_USAGE = YES_ERROR;
				CLANG_WARN_DOCUMENTATION_COMMENTS = YES;
				CLANG_WARN_EMPTY_BODY = YES;
				CLANG_WARN_ENUM_CONVERSION = YES;
				CLANG_WARN_INFINITE_RECURSION = YES;
				CLANG_WARN_INT_CONVERSION = YES;
				CLANG_WARN_NON_LITERAL_NULL_CONVERSION = YES;
				CLANG_WARN_OBJC_IMPLICIT_RETAIN_SELF = YES;
				CLANG_WARN_OBJC_LITERAL_CONVERSION = YES;
				CLANG_WARN_OBJC_ROOT_CLASS = YES_ERROR;
				CLANG_WARN_QUOTED_INCLUDE_IN_FRAMEWORK_HEADER = YES;
				CLANG_WARN_RANGE_LOOP_ANALYSIS = YES;
				CLANG_WARN_STRICT_PROTOTYPES = YES;
				CLANG_WARN_SUSPICIOUS_MOVE = YES;
				CLANG_WARN_UNGUARDED_AVAILABILITY = YES_AGGRESSIVE;
				CLANG_WARN_UNREACHABLE_CODE = YES;
				CLANG_WARN__DUPLICATE_METHOD_MATCH = YES;
				COPY_PHASE_STRIP = NO;
				DEBUG_INFORMATION_FORMAT = dwarf;
				ENABLE_STRICT_OBJC_MSGSEND = YES;
				ENABLE_TESTABILITY = YES;
				ENABLE_USER_SCRIPT_SANDBOXING = YES;
				GCC_C_LANGUAGE_STANDARD = gnu17;
				GCC_DYNAMIC_NO_PIC = NO;
				GCC_NO_COMMON_BLOCKS = YES;
				GCC_OPTIMIZATION_LEVEL = 0;
				GCC_PREPROCESSOR_DEFINITIONS = (
					"DEBUG=1",
					"$(inherited)",
				);
				GCC_WARN_64_TO_32_BIT_CONVERSION = YES;
				GCC_WARN_ABOUT_RETURN_TYPE = YES_ERROR;
				GCC_WARN_UNDECLARED_SELECTOR = YES;
				GCC_WARN_UNINITIALIZED_AUTOS = YES_AGGRESSIVE;
				GCC_WARN_UNUSED_FUNCTION = YES;
				GCC_WARN_UNUSED_VARIABLE = YES;
				IPHONEOS_DEPLOYMENT_TARGET = 14.1;
				LOCALIZATION_PREFERS_STRING_CATALOGS = YES;
				MTL_ENABLE_DEBUG_INFO = INCLUDE_SOURCE;
				MTL_FAST_MATH = YES;
				ONLY_ACTIVE_ARCH = YES;
				SDKROOT = iphoneos;
				SWIFT_ACTIVE_COMPILATION_CONDITIONS = "DEBUG $(inherited)";
				SWIFT_OPTIMIZATION_LEVEL = "-Onone";
			};
			name = Debug;
		};
		848E27532E04216D0027436B /* Release */ = {
			isa = XCBuildConfiguration;
			buildSettings = {
				ALWAYS_SEARCH_USER_PATHS = NO;
				ASSETCATALOG_COMPILER_GENERATE_SWIFT_ASSET_SYMBOL_EXTENSIONS = YES;
				CLANG_ANALYZER_NONNULL = YES;
				CLANG_ANALYZER_NUMBER_OBJECT_CONVERSION = YES_AGGRESSIVE;
				CLANG_CXX_LANGUAGE_STANDARD = "gnu++20";
				CLANG_ENABLE_MODULES = YES;
				CLANG_ENABLE_OBJC_ARC = YES;
				CLANG_ENABLE_OBJC_WEAK = YES;
				CLANG_WARN_BLOCK_CAPTURE_AUTORELEASING = YES;
				CLANG_WARN_BOOL_CONVERSION = YES;
				CLANG_WARN_COMMA = YES;
				CLANG_WARN_CONSTANT_CONVERSION = YES;
				CLANG_WARN_DEPRECATED_OBJC_IMPLEMENTATIONS = YES;
				CLANG_WARN_DIRECT_OBJC_ISA_USAGE = YES_ERROR;
				CLANG_WARN_DOCUMENTATION_COMMENTS = YES;
				CLANG_WARN_EMPTY_BODY = YES;
				CLANG_WARN_ENUM_CONVERSION = YES;
				CLANG_WARN_INFINITE_RECURSION = YES;
				CLANG_WARN_INT_CONVERSION = YES;
				CLANG_WARN_NON_LITERAL_NULL_CONVERSION = YES;
				CLANG_WARN_OBJC_IMPLICIT_RETAIN_SELF = YES;
				CLANG_WARN_OBJC_LITERAL_CONVERSION = YES;
				CLANG_WARN_OBJC_ROOT_CLASS = YES_ERROR;
				CLANG_WARN_QUOTED_INCLUDE_IN_FRAMEWORK_HEADER = YES;
				CLANG_WARN_RANGE_LOOP_ANALYSIS = YES;
				CLANG_WARN_STRICT_PROTOTYPES = YES;
				CLANG_WARN_SUSPICIOUS_MOVE = YES;
				CLANG_WARN_UNGUARDED_AVAILABILITY = YES_AGGRESSIVE;
				CLANG_WARN_UNREACHABLE_CODE = YES;
				CLANG_WARN__DUPLICATE_METHOD_MATCH = YES;
				COPY_PHASE_STRIP = NO;
				DEBUG_INFORMATION_FORMAT = "dwarf-with-dsym";
				ENABLE_NS_ASSERTIONS = NO;
				ENABLE_STRICT_OBJC_MSGSEND = YES;
				ENABLE_USER_SCRIPT_SANDBOXING = YES;
				GCC_C_LANGUAGE_STANDARD = gnu17;
				GCC_NO_COMMON_BLOCKS = YES;
				GCC_WARN_64_TO_32_BIT_CONVERSION = YES;
				GCC_WARN_ABOUT_RETURN_TYPE = YES_ERROR;
				GCC_WARN_UNDECLARED_SELECTOR = YES;
				GCC_WARN_UNINITIALIZED_AUTOS = YES_AGGRESSIVE;
				GCC_WARN_UNUSED_FUNCTION = YES;
				GCC_WARN_UNUSED_VARIABLE = YES;
				IPHONEOS_DEPLOYMENT_TARGET = 14.1;
				LOCALIZATION_PREFERS_STRING_CATALOGS = YES;
				MTL_ENABLE_DEBUG_INFO = NO;
				MTL_FAST_MATH = YES;
				SDKROOT = iphoneos;
				SWIFT_COMPILATION_MODE = wholemodule;
				VALIDATE_PRODUCT = YES;
			};
			name = Release;
		};
		8494253A2E65A7B500830A74 /* Debug */ = {
			isa = XCBuildConfiguration;
			buildSettings = {
				BUNDLE_LOADER = "$(TEST_HOST)";
				CODE_SIGN_STYLE = Automatic;
				CURRENT_PROJECT_VERSION = 1;
				DEVELOPMENT_TEAM = 7Y9Y8T6WQX;
				GENERATE_INFOPLIST_FILE = YES;
				IPHONEOS_DEPLOYMENT_TARGET = 16.0;
				MARKETING_VERSION = 1.0;
				PRODUCT_BUNDLE_IDENTIFIER = "ru.Pavel-Hladkikh.WebViewTests";
				PRODUCT_NAME = "$(TARGET_NAME)";
				SWIFT_EMIT_LOC_STRINGS = NO;
				SWIFT_VERSION = 5.0;
				TARGETED_DEVICE_FAMILY = "1,2";
				TEST_HOST = "$(BUILT_PRODUCTS_DIR)/ImageFeed.app/$(BUNDLE_EXECUTABLE_FOLDER_PATH)/ImageFeed";
			};
			name = Debug;
		};
		8494253B2E65A7B500830A74 /* Release */ = {
			isa = XCBuildConfiguration;
			buildSettings = {
				BUNDLE_LOADER = "$(TEST_HOST)";
				CODE_SIGN_STYLE = Automatic;
				CURRENT_PROJECT_VERSION = 1;
				DEVELOPMENT_TEAM = 7Y9Y8T6WQX;
				GENERATE_INFOPLIST_FILE = YES;
				IPHONEOS_DEPLOYMENT_TARGET = 16.0;
				MARKETING_VERSION = 1.0;
				PRODUCT_BUNDLE_IDENTIFIER = "ru.Pavel-Hladkikh.WebViewTests";
				PRODUCT_NAME = "$(TARGET_NAME)";
				SWIFT_EMIT_LOC_STRINGS = NO;
				SWIFT_VERSION = 5.0;
				TARGETED_DEVICE_FAMILY = "1,2";
				TEST_HOST = "$(BUILT_PRODUCTS_DIR)/ImageFeed.app/$(BUNDLE_EXECUTABLE_FOLDER_PATH)/ImageFeed";
			};
			name = Release;
		};
		8494254F2E65B36E00830A74 /* Debug */ = {
			isa = XCBuildConfiguration;
			buildSettings = {
				CODE_SIGN_STYLE = Automatic;
				CURRENT_PROJECT_VERSION = 1;
				DEVELOPMENT_TEAM = 7Y9Y8T6WQX;
				GENERATE_INFOPLIST_FILE = YES;
				IPHONEOS_DEPLOYMENT_TARGET = 16.0;
				MARKETING_VERSION = 1.0;
				PRODUCT_BUNDLE_IDENTIFIER = "ru.Pavel-Hladkikh.ImageFeedTests";
				PRODUCT_NAME = "$(TARGET_NAME)";
				SWIFT_EMIT_LOC_STRINGS = NO;
				SWIFT_VERSION = 5.0;
				TARGETED_DEVICE_FAMILY = "1,2";
				TEST_TARGET_NAME = ImageFeed;
			};
			name = Debug;
		};
		849425502E65B36E00830A74 /* Release */ = {
			isa = XCBuildConfiguration;
			buildSettings = {
				CODE_SIGN_STYLE = Automatic;
				CURRENT_PROJECT_VERSION = 1;
				DEVELOPMENT_TEAM = 7Y9Y8T6WQX;
				GENERATE_INFOPLIST_FILE = YES;
				IPHONEOS_DEPLOYMENT_TARGET = 16.0;
				MARKETING_VERSION = 1.0;
				PRODUCT_BUNDLE_IDENTIFIER = "ru.Pavel-Hladkikh.ImageFeedTests";
				PRODUCT_NAME = "$(TARGET_NAME)";
				SWIFT_EMIT_LOC_STRINGS = NO;
				SWIFT_VERSION = 5.0;
				TARGETED_DEVICE_FAMILY = "1,2";
				TEST_TARGET_NAME = ImageFeed;
			};
			name = Release;
		};
		849426502E67307000830A74 /* Debug */ = {
			isa = XCBuildConfiguration;
			buildSettings = {
				BUNDLE_LOADER = "$(TEST_HOST)";
				CODE_SIGN_STYLE = Automatic;
				CURRENT_PROJECT_VERSION = 1;
				DEVELOPMENT_TEAM = 7Y9Y8T6WQX;
				GENERATE_INFOPLIST_FILE = YES;
				IPHONEOS_DEPLOYMENT_TARGET = 16.0;
				MARKETING_VERSION = 1.0;
				PRODUCT_BUNDLE_IDENTIFIER = "ru.Pavel-Hladkikh.ProfileViewControllerTests";
				PRODUCT_NAME = "$(TARGET_NAME)";
				SWIFT_EMIT_LOC_STRINGS = NO;
				SWIFT_VERSION = 5.0;
				TARGETED_DEVICE_FAMILY = "1,2";
				TEST_HOST = "$(BUILT_PRODUCTS_DIR)/ImageFeed.app/$(BUNDLE_EXECUTABLE_FOLDER_PATH)/ImageFeed";
			};
			name = Debug;
		};
		849426512E67307000830A74 /* Release */ = {
			isa = XCBuildConfiguration;
			buildSettings = {
				BUNDLE_LOADER = "$(TEST_HOST)";
				CODE_SIGN_STYLE = Automatic;
				CURRENT_PROJECT_VERSION = 1;
				DEVELOPMENT_TEAM = 7Y9Y8T6WQX;
				GENERATE_INFOPLIST_FILE = YES;
				IPHONEOS_DEPLOYMENT_TARGET = 16.0;
				MARKETING_VERSION = 1.0;
				PRODUCT_BUNDLE_IDENTIFIER = "ru.Pavel-Hladkikh.ProfileViewControllerTests";
				PRODUCT_NAME = "$(TARGET_NAME)";
				SWIFT_EMIT_LOC_STRINGS = NO;
				SWIFT_VERSION = 5.0;
				TARGETED_DEVICE_FAMILY = "1,2";
				TEST_HOST = "$(BUILT_PRODUCTS_DIR)/ImageFeed.app/$(BUNDLE_EXECUTABLE_FOLDER_PATH)/ImageFeed";
			};
			name = Release;
		};
		849426B82E6731DC00830A74 /* Debug */ = {
			isa = XCBuildConfiguration;
			buildSettings = {
				BUNDLE_LOADER = "$(TEST_HOST)";
				CODE_SIGN_STYLE = Automatic;
				CURRENT_PROJECT_VERSION = 1;
				DEVELOPMENT_TEAM = 7Y9Y8T6WQX;
				GENERATE_INFOPLIST_FILE = YES;
				IPHONEOS_DEPLOYMENT_TARGET = 16.0;
				MARKETING_VERSION = 1.0;
				PRODUCT_BUNDLE_IDENTIFIER = "ru.Pavel-Hladkikh.ImagesListViewControllerTests";
				PRODUCT_NAME = "$(TARGET_NAME)";
				SWIFT_EMIT_LOC_STRINGS = NO;
				SWIFT_VERSION = 5.0;
				TARGETED_DEVICE_FAMILY = "1,2";
				TEST_HOST = "$(BUILT_PRODUCTS_DIR)/ImageFeed.app/$(BUNDLE_EXECUTABLE_FOLDER_PATH)/ImageFeed";
			};
			name = Debug;
		};
		849426B92E6731DC00830A74 /* Release */ = {
			isa = XCBuildConfiguration;
			buildSettings = {
				BUNDLE_LOADER = "$(TEST_HOST)";
				CODE_SIGN_STYLE = Automatic;
				CURRENT_PROJECT_VERSION = 1;
				DEVELOPMENT_TEAM = 7Y9Y8T6WQX;
				GENERATE_INFOPLIST_FILE = YES;
				IPHONEOS_DEPLOYMENT_TARGET = 16.0;
				MARKETING_VERSION = 1.0;
				PRODUCT_BUNDLE_IDENTIFIER = "ru.Pavel-Hladkikh.ImagesListViewControllerTests";
				PRODUCT_NAME = "$(TARGET_NAME)";
				SWIFT_EMIT_LOC_STRINGS = NO;
				SWIFT_VERSION = 5.0;
				TARGETED_DEVICE_FAMILY = "1,2";
				TEST_HOST = "$(BUILT_PRODUCTS_DIR)/ImageFeed.app/$(BUNDLE_EXECUTABLE_FOLDER_PATH)/ImageFeed";
			};
			name = Release;
		};
/* End XCBuildConfiguration section */

/* Begin XCConfigurationList section */
		848E27212E04216B0027436B /* Build configuration list for PBXProject "ImageFeed" */ = {
			isa = XCConfigurationList;
			buildConfigurations = (
				848E27522E04216D0027436B /* Debug */,
				848E27532E04216D0027436B /* Release */,
			);
			defaultConfigurationIsVisible = 0;
			defaultConfigurationName = Release;
		};
		848E274F2E04216D0027436B /* Build configuration list for PBXNativeTarget "ImageFeed" */ = {
			isa = XCConfigurationList;
			buildConfigurations = (
				848E27502E04216D0027436B /* Debug */,
				848E27512E04216D0027436B /* Release */,
			);
			defaultConfigurationIsVisible = 0;
			defaultConfigurationName = Release;
		};
		849425392E65A7B500830A74 /* Build configuration list for PBXNativeTarget "WebViewTests" */ = {
			isa = XCConfigurationList;
			buildConfigurations = (
				8494253A2E65A7B500830A74 /* Debug */,
				8494253B2E65A7B500830A74 /* Release */,
			);
			defaultConfigurationIsVisible = 0;
			defaultConfigurationName = Release;
		};
		8494254E2E65B36E00830A74 /* Build configuration list for PBXNativeTarget "ImageFeedTests" */ = {
			isa = XCConfigurationList;
			buildConfigurations = (
				8494254F2E65B36E00830A74 /* Debug */,
				849425502E65B36E00830A74 /* Release */,
			);
			defaultConfigurationIsVisible = 0;
			defaultConfigurationName = Release;
		};
		8494264F2E67307000830A74 /* Build configuration list for PBXNativeTarget "ProfileViewControllerTests" */ = {
			isa = XCConfigurationList;
			buildConfigurations = (
				849426502E67307000830A74 /* Debug */,
				849426512E67307000830A74 /* Release */,
			);
			defaultConfigurationIsVisible = 0;
			defaultConfigurationName = Release;
		};
		849426B72E6731DC00830A74 /* Build configuration list for PBXNativeTarget "ImagesListViewControllerTests" */ = {
			isa = XCConfigurationList;
			buildConfigurations = (
				849426B82E6731DC00830A74 /* Debug */,
				849426B92E6731DC00830A74 /* Release */,
			);
			defaultConfigurationIsVisible = 0;
			defaultConfigurationName = Release;
		};
/* End XCConfigurationList section */

/* Begin XCRemoteSwiftPackageReference section */
		849422FE2E4606BB00830A74 /* XCRemoteSwiftPackageReference "ProgressHUD" */ = {
			isa = XCRemoteSwiftPackageReference;
			repositoryURL = "https://github.com/relatedcode/ProgressHUD";
			requirement = {
				kind = upToNextMajorVersion;
				minimumVersion = 14.1.4;
			};
		};
		849423092E50B3F300830A74 /* XCRemoteSwiftPackageReference "Kingfisher" */ = {
			isa = XCRemoteSwiftPackageReference;
			repositoryURL = "https://github.com/onevcat/Kingfisher.git";
			requirement = {
				kind = upToNextMajorVersion;
				minimumVersion = 8.5.0;
			};
		};
		8494230C2E53328700830A74 /* XCRemoteSwiftPackageReference "SwiftKeychainWrapper" */ = {
			isa = XCRemoteSwiftPackageReference;
			repositoryURL = "https://github.com/jrendel/SwiftKeychainWrapper";
			requirement = {
				kind = upToNextMajorVersion;
				minimumVersion = 4.0.1;
			};
		};
/* End XCRemoteSwiftPackageReference section */

/* Begin XCSwiftPackageProductDependency section */
		849422FF2E4606BB00830A74 /* ProgressHUD */ = {
			isa = XCSwiftPackageProductDependency;
			package = 849422FE2E4606BB00830A74 /* XCRemoteSwiftPackageReference "ProgressHUD" */;
			productName = ProgressHUD;
		};
		8494230A2E50B3F300830A74 /* Kingfisher */ = {
			isa = XCSwiftPackageProductDependency;
			package = 849423092E50B3F300830A74 /* XCRemoteSwiftPackageReference "Kingfisher" */;
			productName = Kingfisher;
		};
		8494230D2E53328700830A74 /* SwiftKeychainWrapper */ = {
			isa = XCSwiftPackageProductDependency;
			package = 8494230C2E53328700830A74 /* XCRemoteSwiftPackageReference "SwiftKeychainWrapper" */;
			productName = SwiftKeychainWrapper;
		};
/* End XCSwiftPackageProductDependency section */
	};
	rootObject = 848E271E2E04216B0027436B /* Project object */;
}
